
Microsoft Visual Studio Solution File, Format Version 12.00
# Visual Studio Version 17
VisualStudioVersion = 17.5.33627.172
MinimumVisualStudioVersion = 10.0.40219.1
Project("{FAE04EC0-301F-11D3-BF4B-00C04F79EFBC}") = "DEM", "DEM\DEM.csproj", "{4A7F22B0-A858-4A9B-8A29-CFC11502E4E8}"
EndProject
Project("{FAE04EC0-301F-11D3-BF4B-00C04F79EFBC}") = "BiblioClasses", "BiblioClasses\BiblioClasses.csproj", "{720F5861-10C7-422D-B3EB-F49AEAB266A2}"
EndProject
Project("{FAE04EC0-301F-11D3-BF4B-00C04F79EFBC}") = "UnitTestProject1", "UnitTestProject1\UnitTestProject1.csproj", "{25915C3F-33B7-4F47-BEFC-0A3FB5FC00E7}"
EndProject
Global
	GlobalSection(SolutionConfigurationPlatforms) = preSolution
		Debug|Any CPU = Debug|Any CPU
		Release|Any CPU = Release|Any CPU
	EndGlobalSection
	GlobalSection(ProjectConfigurationPlatforms) = postSolution
		{4A7F22B0-A858-4A9B-8A29-CFC11502E4E8}.Debug|Any CPU.ActiveCfg = Debug|Any CPU
		{4A7F22B0-A858-4A9B-8A29-CFC11502E4E8}.Debug|Any CPU.Build.0 = Debug|Any CPU
		{4A7F22B0-A858-4A9B-8A29-CFC11502E4E8}.Release|Any CPU.ActiveCfg = Release|Any CPU
		{4A7F22B0-A858-4A9B-8A29-CFC11502E4E8}.Release|Any CPU.Build.0 = Release|Any CPU
		{720F5861-10C7-422D-B3EB-F49AEAB266A2}.Debug|Any CPU.ActiveCfg = Debug|Any CPU
		{720F5861-10C7-422D-B3EB-F49AEAB266A2}.Debug|Any CPU.Build.0 = Debug|Any CPU
		{720F5861-10C7-422D-B3EB-F49AEAB266A2}.Release|Any CPU.ActiveCfg = Release|Any CPU
		{720F5861-10C7-422D-B3EB-F49AEAB266A2}.Release|Any CPU.Build.0 = Release|Any CPU
		{25915C3F-33B7-4F47-BEFC-0A3FB5FC00E7}.Debug|Any CPU.ActiveCfg = Debug|Any CPU
		{25915C3F-33B7-4F47-BEFC-0A3FB5FC00E7}.Debug|Any CPU.Build.0 = Debug|Any CPU
		{25915C3F-33B7-4F47-BEFC-0A3FB5FC00E7}.Release|Any CPU.ActiveCfg = Release|Any CPU
		{25915C3F-33B7-4F47-BEFC-0A3FB5FC00E7}.Release|Any CPU.Build.0 = Release|Any CPU
	EndGlobalSection
	GlobalSection(SolutionProperties) = preSolution
		HideSolutionNode = FALSE
	EndGlobalSection
	GlobalSection(ExtensibilityGlobals) = postSolution
		SolutionGuid = {7BC553EA-A6A3-4E79-A0AB-EEBC62918078}
	EndGlobalSection
EndGlobal
